
Microsoft Visual Studio Solution File, Format Version 12.00
# Visual Studio 15
VisualStudioVersion = 15.0.28307.572
MinimumVisualStudioVersion = 10.0.40219.1
Project("{FAE04EC0-301F-11D3-BF4B-00C04F79EFBC}") = "Maps_GettingStarted.Android", "Maps_GettingStarted\Maps_GettingStarted.Android\Maps_GettingStarted.Android.csproj", "{A0983CC6-E030-4E51-9500-CB0DA286C5C8}"
EndProject
Project("{FAE04EC0-301F-11D3-BF4B-00C04F79EFBC}") = "Maps_GettingStarted.iOS", "Maps_GettingStarted\Maps_GettingStarted.iOS\Maps_GettingStarted.iOS.csproj", "{56F679AB-9339-44DD-9552-F58673256041}"
EndProject
Project("{FAE04EC0-301F-11D3-BF4B-00C04F79EFBC}") = "Maps_GettingStarted.UWP", "Maps_GettingStarted\Maps_GettingStarted.UWP\Maps_GettingStarted.UWP.csproj", "{00D6CB12-D05B-4CAD-907A-8A9DDC5B657C}"
EndProject
Project("{9A19103F-16F7-4668-BE54-9A1E7A4F7556}") = "Maps_GettingStarted", "Maps_GettingStarted\Maps_GettingStarted\Maps_GettingStarted.csproj", "{D53717FD-B1D6-41A3-8435-B9BD56E52C73}"
EndProject
Global
	GlobalSection(SolutionConfigurationPlatforms) = preSolution
		Ad-Hoc|Any CPU = Ad-Hoc|Any CPU
		Ad-Hoc|ARM = Ad-Hoc|ARM
		Ad-Hoc|iPhone = Ad-Hoc|iPhone
		Ad-Hoc|iPhoneSimulator = Ad-Hoc|iPhoneSimulator
		Ad-Hoc|x64 = Ad-Hoc|x64
		Ad-Hoc|x86 = Ad-Hoc|x86
		AppStore|Any CPU = AppStore|Any CPU
		AppStore|ARM = AppStore|ARM
		AppStore|iPhone = AppStore|iPhone
		AppStore|iPhoneSimulator = AppStore|iPhoneSimulator
		AppStore|x64 = AppStore|x64
		AppStore|x86 = AppStore|x86
		Debug|Any CPU = Debug|Any CPU
		Debug|ARM = Debug|ARM
		Debug|iPhone = Debug|iPhone
		Debug|iPhoneSimulator = Debug|iPhoneSimulator
		Debug|x64 = Debug|x64
		Debug|x86 = Debug|x86
		Release|Any CPU = Release|Any CPU
		Release|ARM = Release|ARM
		Release|iPhone = Release|iPhone
		Release|iPhoneSimulator = Release|iPhoneSimulator
		Release|x64 = Release|x64
		Release|x86 = Release|x86
	EndGlobalSection
	GlobalSection(ProjectConfigurationPlatforms) = postSolution
		{A0983CC6-E030-4E51-9500-CB0DA286C5C8}.Ad-Hoc|Any CPU.ActiveCfg = Release|Any CPU
		{A0983CC6-E030-4E51-9500-CB0DA286C5C8}.Ad-Hoc|Any CPU.Build.0 = Release|Any CPU
		{A0983CC6-E030-4E51-9500-CB0DA286C5C8}.Ad-Hoc|Any CPU.Deploy.0 = Release|Any CPU
		{A0983CC6-E030-4E51-9500-CB0DA286C5C8}.Ad-Hoc|ARM.ActiveCfg = Release|Any CPU
		{A0983CC6-E030-4E51-9500-CB0DA286C5C8}.Ad-Hoc|ARM.Build.0 = Release|Any CPU
		{A0983CC6-E030-4E51-9500-CB0DA286C5C8}.Ad-Hoc|ARM.Deploy.0 = Release|Any CPU
		{A0983CC6-E030-4E51-9500-CB0DA286C5C8}.Ad-Hoc|iPhone.ActiveCfg = Release|Any CPU
		{A0983CC6-E030-4E51-9500-CB0DA286C5C8}.Ad-Hoc|iPhone.Build.0 = Release|Any CPU
		{A0983CC6-E030-4E51-9500-CB0DA286C5C8}.Ad-Hoc|iPhone.Deploy.0 = Release|Any CPU
		{A0983CC6-E030-4E51-9500-CB0DA286C5C8}.Ad-Hoc|iPhoneSimulator.ActiveCfg = Release|Any CPU
		{A0983CC6-E030-4E51-9500-CB0DA286C5C8}.Ad-Hoc|iPhoneSimulator.Build.0 = Release|Any CPU
		{A0983CC6-E030-4E51-9500-CB0DA286C5C8}.Ad-Hoc|iPhoneSimulator.Deploy.0 = Release|Any CPU
		{A0983CC6-E030-4E51-9500-CB0DA286C5C8}.Ad-Hoc|x64.ActiveCfg = Release|Any CPU
		{A0983CC6-E030-4E51-9500-CB0DA286C5C8}.Ad-Hoc|x64.Build.0 = Release|Any CPU
		{A0983CC6-E030-4E51-9500-CB0DA286C5C8}.Ad-Hoc|x64.Deploy.0 = Release|Any CPU
		{A0983CC6-E030-4E51-9500-CB0DA286C5C8}.Ad-Hoc|x86.ActiveCfg = Release|Any CPU
		{A0983CC6-E030-4E51-9500-CB0DA286C5C8}.Ad-Hoc|x86.Build.0 = Release|Any CPU
		{A0983CC6-E030-4E51-9500-CB0DA286C5C8}.Ad-Hoc|x86.Deploy.0 = Release|Any CPU
		{A0983CC6-E030-4E51-9500-CB0DA286C5C8}.AppStore|Any CPU.ActiveCfg = Release|Any CPU
		{A0983CC6-E030-4E51-9500-CB0DA286C5C8}.AppStore|Any CPU.Build.0 = Release|Any CPU
		{A0983CC6-E030-4E51-9500-CB0DA286C5C8}.AppStore|Any CPU.Deploy.0 = Release|Any CPU
		{A0983CC6-E030-4E51-9500-CB0DA286C5C8}.AppStore|ARM.ActiveCfg = Release|Any CPU
		{A0983CC6-E030-4E51-9500-CB0DA286C5C8}.AppStore|ARM.Build.0 = Release|Any CPU
		{A0983CC6-E030-4E51-9500-CB0DA286C5C8}.AppStore|ARM.Deploy.0 = Release|Any CPU
		{A0983CC6-E030-4E51-9500-CB0DA286C5C8}.AppStore|iPhone.ActiveCfg = Release|Any CPU
		{A0983CC6-E030-4E51-9500-CB0DA286C5C8}.AppStore|iPhone.Build.0 = Release|Any CPU
		{A0983CC6-E030-4E51-9500-CB0DA286C5C8}.AppStore|iPhone.Deploy.0 = Release|Any CPU
		{A0983CC6-E030-4E51-9500-CB0DA286C5C8}.AppStore|iPhoneSimulator.ActiveCfg = Release|Any CPU
		{A0983CC6-E030-4E51-9500-CB0DA286C5C8}.AppStore|iPhoneSimulator.Build.0 = Release|Any CPU
		{A0983CC6-E030-4E51-9500-CB0DA286C5C8}.AppStore|iPhoneSimulator.Deploy.0 = Release|Any CPU
		{A0983CC6-E030-4E51-9500-CB0DA286C5C8}.AppStore|x64.ActiveCfg = Release|Any CPU
		{A0983CC6-E030-4E51-9500-CB0DA286C5C8}.AppStore|x64.Build.0 = Release|Any CPU
		{A0983CC6-E030-4E51-9500-CB0DA286C5C8}.AppStore|x64.Deploy.0 = Release|Any CPU
		{A0983CC6-E030-4E51-9500-CB0DA286C5C8}.AppStore|x86.ActiveCfg = Release|Any CPU
		{A0983CC6-E030-4E51-9500-CB0DA286C5C8}.AppStore|x86.Build.0 = Release|Any CPU
		{A0983CC6-E030-4E51-9500-CB0DA286C5C8}.AppStore|x86.Deploy.0 = Release|Any CPU
		{A0983CC6-E030-4E51-9500-CB0DA286C5C8}.Debug|Any CPU.ActiveCfg = Debug|Any CPU
		{A0983CC6-E030-4E51-9500-CB0DA286C5C8}.Debug|Any CPU.Build.0 = Debug|Any CPU
		{A0983CC6-E030-4E51-9500-CB0DA286C5C8}.Debug|Any CPU.Deploy.0 = Debug|Any CPU
		{A0983CC6-E030-4E51-9500-CB0DA286C5C8}.Debug|ARM.ActiveCfg = Debug|Any CPU
		{A0983CC6-E030-4E51-9500-CB0DA286C5C8}.Debug|ARM.Build.0 = Debug|Any CPU
		{A0983CC6-E030-4E51-9500-CB0DA286C5C8}.Debug|ARM.Deploy.0 = Debug|Any CPU
		{A0983CC6-E030-4E51-9500-CB0DA286C5C8}.Debug|iPhone.ActiveCfg = Debug|Any CPU
		{A0983CC6-E030-4E51-9500-CB0DA286C5C8}.Debug|iPhone.Build.0 = Debug|Any CPU
		{A0983CC6-E030-4E51-9500-CB0DA286C5C8}.Debug|iPhone.Deploy.0 = Debug|Any CPU
		{A0983CC6-E030-4E51-9500-CB0DA286C5C8}.Debug|iPhoneSimulator.ActiveCfg = Debug|Any CPU
		{A0983CC6-E030-4E51-9500-CB0DA286C5C8}.Debug|iPhoneSimulator.Build.0 = Debug|Any CPU
		{A0983CC6-E030-4E51-9500-CB0DA286C5C8}.Debug|iPhoneSimulator.Deploy.0 = Debug|Any CPU
		{A0983CC6-E030-4E51-9500-CB0DA286C5C8}.Debug|x64.ActiveCfg = Debug|Any CPU
		{A0983CC6-E030-4E51-9500-CB0DA286C5C8}.Debug|x64.Build.0 = Debug|Any CPU
		{A0983CC6-E030-4E51-9500-CB0DA286C5C8}.Debug|x64.Deploy.0 = Debug|Any CPU
		{A0983CC6-E030-4E51-9500-CB0DA286C5C8}.Debug|x86.ActiveCfg = Debug|Any CPU
		{A0983CC6-E030-4E51-9500-CB0DA286C5C8}.Debug|x86.Build.0 = Debug|Any CPU
		{A0983CC6-E030-4E51-9500-CB0DA286C5C8}.Debug|x86.Deploy.0 = Debug|Any CPU
		{A0983CC6-E030-4E51-9500-CB0DA286C5C8}.Release|Any CPU.ActiveCfg = Release|Any CPU
		{A0983CC6-E030-4E51-9500-CB0DA286C5C8}.Release|Any CPU.Build.0 = Release|Any CPU
		{A0983CC6-E030-4E51-9500-CB0DA286C5C8}.Release|Any CPU.Deploy.0 = Release|Any CPU
		{A0983CC6-E030-4E51-9500-CB0DA286C5C8}.Release|ARM.ActiveCfg = Release|Any CPU
		{A0983CC6-E030-4E51-9500-CB0DA286C5C8}.Release|ARM.Build.0 = Release|Any CPU
		{A0983CC6-E030-4E51-9500-CB0DA286C5C8}.Release|ARM.Deploy.0 = Release|Any CPU
		{A0983CC6-E030-4E51-9500-CB0DA286C5C8}.Release|iPhone.ActiveCfg = Release|Any CPU
		{A0983CC6-E030-4E51-9500-CB0DA286C5C8}.Release|iPhone.Build.0 = Release|Any CPU
		{A0983CC6-E030-4E51-9500-CB0DA286C5C8}.Release|iPhone.Deploy.0 = Release|Any CPU
		{A0983CC6-E030-4E51-9500-CB0DA286C5C8}.Release|iPhoneSimulator.ActiveCfg = Release|Any CPU
		{A0983CC6-E030-4E51-9500-CB0DA286C5C8}.Release|iPhoneSimulator.Build.0 = Release|Any CPU
		{A0983CC6-E030-4E51-9500-CB0DA286C5C8}.Release|iPhoneSimulator.Deploy.0 = Release|Any CPU
		{A0983CC6-E030-4E51-9500-CB0DA286C5C8}.Release|x64.ActiveCfg = Release|Any CPU
		{A0983CC6-E030-4E51-9500-CB0DA286C5C8}.Release|x64.Build.0 = Release|Any CPU
		{A0983CC6-E030-4E51-9500-CB0DA286C5C8}.Release|x64.Deploy.0 = Release|Any CPU
		{A0983CC6-E030-4E51-9500-CB0DA286C5C8}.Release|x86.ActiveCfg = Release|Any CPU
		{A0983CC6-E030-4E51-9500-CB0DA286C5C8}.Release|x86.Build.0 = Release|Any CPU
		{A0983CC6-E030-4E51-9500-CB0DA286C5C8}.Release|x86.Deploy.0 = Release|Any CPU
		{56F679AB-9339-44DD-9552-F58673256041}.Ad-Hoc|Any CPU.ActiveCfg = Ad-Hoc|iPhone
		{56F679AB-9339-44DD-9552-F58673256041}.Ad-Hoc|Any CPU.Build.0 = Ad-Hoc|iPhone
		{56F679AB-9339-44DD-9552-F58673256041}.Ad-Hoc|Any CPU.Deploy.0 = Ad-Hoc|iPhone
		{56F679AB-9339-44DD-9552-F58673256041}.Ad-Hoc|ARM.ActiveCfg = Ad-Hoc|iPhone
		{56F679AB-9339-44DD-9552-F58673256041}.Ad-Hoc|ARM.Build.0 = Ad-Hoc|iPhone
		{56F679AB-9339-44DD-9552-F58673256041}.Ad-Hoc|ARM.Deploy.0 = Ad-Hoc|iPhone
		{56F679AB-9339-44DD-9552-F58673256041}.Ad-Hoc|iPhone.ActiveCfg = Ad-Hoc|iPhone
		{56F679AB-9339-44DD-9552-F58673256041}.Ad-Hoc|iPhone.Build.0 = Ad-Hoc|iPhone
		{56F679AB-9339-44DD-9552-F58673256041}.Ad-Hoc|iPhone.Deploy.0 = Ad-Hoc|iPhone
		{56F679AB-9339-44DD-9552-F58673256041}.Ad-Hoc|iPhoneSimulator.ActiveCfg = Ad-Hoc|iPhoneSimulator
		{56F679AB-9339-44DD-9552-F58673256041}.Ad-Hoc|iPhoneSimulator.Build.0 = Ad-Hoc|iPhoneSimulator
		{56F679AB-9339-44DD-9552-F58673256041}.Ad-Hoc|iPhoneSimulator.Deploy.0 = Ad-Hoc|iPhoneSimulator
		{56F679AB-9339-44DD-9552-F58673256041}.Ad-Hoc|x64.ActiveCfg = Ad-Hoc|iPhone
		{56F679AB-9339-44DD-9552-F58673256041}.Ad-Hoc|x64.Build.0 = Ad-Hoc|iPhone
		{56F679AB-9339-44DD-9552-F58673256041}.Ad-Hoc|x64.Deploy.0 = Ad-Hoc|iPhone
		{56F679AB-9339-44DD-9552-F58673256041}.Ad-Hoc|x86.ActiveCfg = Ad-Hoc|iPhone
		{56F679AB-9339-44DD-9552-F58673256041}.Ad-Hoc|x86.Build.0 = Ad-Hoc|iPhone
		{56F679AB-9339-44DD-9552-F58673256041}.Ad-Hoc|x86.Deploy.0 = Ad-Hoc|iPhone
		{56F679AB-9339-44DD-9552-F58673256041}.AppStore|Any CPU.ActiveCfg = AppStore|iPhone
		{56F679AB-9339-44DD-9552-F58673256041}.AppStore|Any CPU.Build.0 = AppStore|iPhone
		{56F679AB-9339-44DD-9552-F58673256041}.AppStore|Any CPU.Deploy.0 = AppStore|iPhone
		{56F679AB-9339-44DD-9552-F58673256041}.AppStore|ARM.ActiveCfg = AppStore|iPhone
		{56F679AB-9339-44DD-9552-F58673256041}.AppStore|ARM.Build.0 = AppStore|iPhone
		{56F679AB-9339-44DD-9552-F58673256041}.AppStore|ARM.Deploy.0 = AppStore|iPhone
		{56F679AB-9339-44DD-9552-F58673256041}.AppStore|iPhone.ActiveCfg = AppStore|iPhone
		{56F679AB-9339-44DD-9552-F58673256041}.AppStore|iPhone.Build.0 = AppStore|iPhone
		{56F679AB-9339-44DD-9552-F58673256041}.AppStore|iPhone.Deploy.0 = AppStore|iPhone
		{56F679AB-9339-44DD-9552-F58673256041}.AppStore|iPhoneSimulator.ActiveCfg = AppStore|iPhoneSimulator
		{56F679AB-9339-44DD-9552-F58673256041}.AppStore|iPhoneSimulator.Build.0 = AppStore|iPhoneSimulator
		{56F679AB-9339-44DD-9552-F58673256041}.AppStore|iPhoneSimulator.Deploy.0 = AppStore|iPhoneSimulator
		{56F679AB-9339-44DD-9552-F58673256041}.AppStore|x64.ActiveCfg = AppStore|iPhone
		{56F679AB-9339-44DD-9552-F58673256041}.AppStore|x64.Build.0 = AppStore|iPhone
		{56F679AB-9339-44DD-9552-F58673256041}.AppStore|x64.Deploy.0 = AppStore|iPhone
		{56F679AB-9339-44DD-9552-F58673256041}.AppStore|x86.ActiveCfg = AppStore|iPhone
		{56F679AB-9339-44DD-9552-F58673256041}.AppStore|x86.Build.0 = AppStore|iPhone
		{56F679AB-9339-44DD-9552-F58673256041}.AppStore|x86.Deploy.0 = AppStore|iPhone
		{56F679AB-9339-44DD-9552-F58673256041}.Debug|Any CPU.ActiveCfg = Debug|iPhoneSimulator
		{56F679AB-9339-44DD-9552-F58673256041}.Debug|Any CPU.Build.0 = Debug|iPhoneSimulator
		{56F679AB-9339-44DD-9552-F58673256041}.Debug|Any CPU.Deploy.0 = Debug|iPhoneSimulator
		{56F679AB-9339-44DD-9552-F58673256041}.Debug|ARM.ActiveCfg = Debug|iPhone
		{56F679AB-9339-44DD-9552-F58673256041}.Debug|ARM.Build.0 = Debug|iPhone
		{56F679AB-9339-44DD-9552-F58673256041}.Debug|ARM.Deploy.0 = Debug|iPhone
		{56F679AB-9339-44DD-9552-F58673256041}.Debug|iPhone.ActiveCfg = Debug|iPhone
		{56F679AB-9339-44DD-9552-F58673256041}.Debug|iPhone.Build.0 = Debug|iPhone
		{56F679AB-9339-44DD-9552-F58673256041}.Debug|iPhone.Deploy.0 = Debug|iPhone
		{56F679AB-9339-44DD-9552-F58673256041}.Debug|iPhoneSimulator.ActiveCfg = Debug|iPhoneSimulator
		{56F679AB-9339-44DD-9552-F58673256041}.Debug|iPhoneSimulator.Build.0 = Debug|iPhoneSimulator
		{56F679AB-9339-44DD-9552-F58673256041}.Debug|iPhoneSimulator.Deploy.0 = Debug|iPhoneSimulator
		{56F679AB-9339-44DD-9552-F58673256041}.Debug|x64.ActiveCfg = Debug|iPhone
		{56F679AB-9339-44DD-9552-F58673256041}.Debug|x64.Build.0 = Debug|iPhone
		{56F679AB-9339-44DD-9552-F58673256041}.Debug|x64.Deploy.0 = Debug|iPhone
		{56F679AB-9339-44DD-9552-F58673256041}.Debug|x86.ActiveCfg = Debug|iPhone
		{56F679AB-9339-44DD-9552-F58673256041}.Debug|x86.Build.0 = Debug|iPhone
		{56F679AB-9339-44DD-9552-F58673256041}.Debug|x86.Deploy.0 = Debug|iPhone
		{56F679AB-9339-44DD-9552-F58673256041}.Release|Any CPU.ActiveCfg = Release|iPhone
		{56F679AB-9339-44DD-9552-F58673256041}.Release|Any CPU.Build.0 = Release|iPhone
		{56F679AB-9339-44DD-9552-F58673256041}.Release|Any CPU.Deploy.0 = Release|iPhone
		{56F679AB-9339-44DD-9552-F58673256041}.Release|ARM.ActiveCfg = Release|iPhone
		{56F679AB-9339-44DD-9552-F58673256041}.Release|ARM.Build.0 = Release|iPhone
		{56F679AB-9339-44DD-9552-F58673256041}.Release|ARM.Deploy.0 = Release|iPhone
		{56F679AB-9339-44DD-9552-F58673256041}.Release|iPhone.ActiveCfg = Release|iPhone
		{56F679AB-9339-44DD-9552-F58673256041}.Release|iPhone.Build.0 = Release|iPhone
		{56F679AB-9339-44DD-9552-F58673256041}.Release|iPhone.Deploy.0 = Release|iPhone
		{56F679AB-9339-44DD-9552-F58673256041}.Release|iPhoneSimulator.ActiveCfg = Release|iPhoneSimulator
		{56F679AB-9339-44DD-9552-F58673256041}.Release|iPhoneSimulator.Build.0 = Release|iPhoneSimulator
		{56F679AB-9339-44DD-9552-F58673256041}.Release|iPhoneSimulator.Deploy.0 = Release|iPhoneSimulator
		{56F679AB-9339-44DD-9552-F58673256041}.Release|x64.ActiveCfg = Release|iPhone
		{56F679AB-9339-44DD-9552-F58673256041}.Release|x64.Build.0 = Release|iPhone
		{56F679AB-9339-44DD-9552-F58673256041}.Release|x64.Deploy.0 = Release|iPhone
		{56F679AB-9339-44DD-9552-F58673256041}.Release|x86.ActiveCfg = Release|iPhone
		{56F679AB-9339-44DD-9552-F58673256041}.Release|x86.Build.0 = Release|iPhone
		{56F679AB-9339-44DD-9552-F58673256041}.Release|x86.Deploy.0 = Release|iPhone
		{00D6CB12-D05B-4CAD-907A-8A9DDC5B657C}.Ad-Hoc|Any CPU.ActiveCfg = Release|x86
		{00D6CB12-D05B-4CAD-907A-8A9DDC5B657C}.Ad-Hoc|Any CPU.Build.0 = Release|x86
		{00D6CB12-D05B-4CAD-907A-8A9DDC5B657C}.Ad-Hoc|Any CPU.Deploy.0 = Release|x86
		{00D6CB12-D05B-4CAD-907A-8A9DDC5B657C}.Ad-Hoc|ARM.ActiveCfg = Release|ARM
		{00D6CB12-D05B-4CAD-907A-8A9DDC5B657C}.Ad-Hoc|ARM.Build.0 = Release|ARM
		{00D6CB12-D05B-4CAD-907A-8A9DDC5B657C}.Ad-Hoc|ARM.Deploy.0 = Release|ARM
		{00D6CB12-D05B-4CAD-907A-8A9DDC5B657C}.Ad-Hoc|iPhone.ActiveCfg = Release|x86
		{00D6CB12-D05B-4CAD-907A-8A9DDC5B657C}.Ad-Hoc|iPhone.Build.0 = Release|x86
		{00D6CB12-D05B-4CAD-907A-8A9DDC5B657C}.Ad-Hoc|iPhone.Deploy.0 = Release|x86
		{00D6CB12-D05B-4CAD-907A-8A9DDC5B657C}.Ad-Hoc|iPhoneSimulator.ActiveCfg = Release|x86
		{00D6CB12-D05B-4CAD-907A-8A9DDC5B657C}.Ad-Hoc|iPhoneSimulator.Build.0 = Release|x86
		{00D6CB12-D05B-4CAD-907A-8A9DDC5B657C}.Ad-Hoc|iPhoneSimulator.Deploy.0 = Release|x86
		{00D6CB12-D05B-4CAD-907A-8A9DDC5B657C}.Ad-Hoc|x64.ActiveCfg = Release|x64
		{00D6CB12-D05B-4CAD-907A-8A9DDC5B657C}.Ad-Hoc|x64.Build.0 = Release|x64
		{00D6CB12-D05B-4CAD-907A-8A9DDC5B657C}.Ad-Hoc|x64.Deploy.0 = Release|x64
		{00D6CB12-D05B-4CAD-907A-8A9DDC5B657C}.Ad-Hoc|x86.ActiveCfg = Release|x86
		{00D6CB12-D05B-4CAD-907A-8A9DDC5B657C}.Ad-Hoc|x86.Build.0 = Release|x86
		{00D6CB12-D05B-4CAD-907A-8A9DDC5B657C}.Ad-Hoc|x86.Deploy.0 = Release|x86
		{00D6CB12-D05B-4CAD-907A-8A9DDC5B657C}.AppStore|Any CPU.ActiveCfg = Release|x86
		{00D6CB12-D05B-4CAD-907A-8A9DDC5B657C}.AppStore|Any CPU.Build.0 = Release|x86
		{00D6CB12-D05B-4CAD-907A-8A9DDC5B657C}.AppStore|Any CPU.Deploy.0 = Release|x86
		{00D6CB12-D05B-4CAD-907A-8A9DDC5B657C}.AppStore|ARM.ActiveCfg = Release|ARM
		{00D6CB12-D05B-4CAD-907A-8A9DDC5B657C}.AppStore|ARM.Build.0 = Release|ARM
		{00D6CB12-D05B-4CAD-907A-8A9DDC5B657C}.AppStore|ARM.Deploy.0 = Release|ARM
		{00D6CB12-D05B-4CAD-907A-8A9DDC5B657C}.AppStore|iPhone.ActiveCfg = Release|x86
		{00D6CB12-D05B-4CAD-907A-8A9DDC5B657C}.AppStore|iPhone.Build.0 = Release|x86
		{00D6CB12-D05B-4CAD-907A-8A9DDC5B657C}.AppStore|iPhone.Deploy.0 = Release|x86
		{00D6CB12-D05B-4CAD-907A-8A9DDC5B657C}.AppStore|iPhoneSimulator.ActiveCfg = Release|x86
		{00D6CB12-D05B-4CAD-907A-8A9DDC5B657C}.AppStore|iPhoneSimulator.Build.0 = Release|x86
		{00D6CB12-D05B-4CAD-907A-8A9DDC5B657C}.AppStore|iPhoneSimulator.Deploy.0 = Release|x86
		{00D6CB12-D05B-4CAD-907A-8A9DDC5B657C}.AppStore|x64.ActiveCfg = Release|x64
		{00D6CB12-D05B-4CAD-907A-8A9DDC5B657C}.AppStore|x64.Build.0 = Release|x64
		{00D6CB12-D05B-4CAD-907A-8A9DDC5B657C}.AppStore|x64.Deploy.0 = Release|x64
		{00D6CB12-D05B-4CAD-907A-8A9DDC5B657C}.AppStore|x86.ActiveCfg = Release|x86
		{00D6CB12-D05B-4CAD-907A-8A9DDC5B657C}.AppStore|x86.Build.0 = Release|x86
		{00D6CB12-D05B-4CAD-907A-8A9DDC5B657C}.AppStore|x86.Deploy.0 = Release|x86
		{00D6CB12-D05B-4CAD-907A-8A9DDC5B657C}.Debug|Any CPU.ActiveCfg = Debug|x86
		{00D6CB12-D05B-4CAD-907A-8A9DDC5B657C}.Debug|Any CPU.Build.0 = Debug|x86
		{00D6CB12-D05B-4CAD-907A-8A9DDC5B657C}.Debug|Any CPU.Deploy.0 = Debug|x86
		{00D6CB12-D05B-4CAD-907A-8A9DDC5B657C}.Debug|ARM.ActiveCfg = Debug|ARM
		{00D6CB12-D05B-4CAD-907A-8A9DDC5B657C}.Debug|ARM.Build.0 = Debug|ARM
		{00D6CB12-D05B-4CAD-907A-8A9DDC5B657C}.Debug|ARM.Deploy.0 = Debug|ARM
		{00D6CB12-D05B-4CAD-907A-8A9DDC5B657C}.Debug|iPhone.ActiveCfg = Debug|x86
		{00D6CB12-D05B-4CAD-907A-8A9DDC5B657C}.Debug|iPhone.Build.0 = Debug|x86
		{00D6CB12-D05B-4CAD-907A-8A9DDC5B657C}.Debug|iPhone.Deploy.0 = Debug|x86
		{00D6CB12-D05B-4CAD-907A-8A9DDC5B657C}.Debug|iPhoneSimulator.ActiveCfg = Debug|x86
		{00D6CB12-D05B-4CAD-907A-8A9DDC5B657C}.Debug|iPhoneSimulator.Build.0 = Debug|x86
		{00D6CB12-D05B-4CAD-907A-8A9DDC5B657C}.Debug|iPhoneSimulator.Deploy.0 = Debug|x86
		{00D6CB12-D05B-4CAD-907A-8A9DDC5B657C}.Debug|x64.ActiveCfg = Debug|x64
		{00D6CB12-D05B-4CAD-907A-8A9DDC5B657C}.Debug|x64.Build.0 = Debug|x64
		{00D6CB12-D05B-4CAD-907A-8A9DDC5B657C}.Debug|x64.Deploy.0 = Debug|x64
		{00D6CB12-D05B-4CAD-907A-8A9DDC5B657C}.Debug|x86.ActiveCfg = Debug|x86
		{00D6CB12-D05B-4CAD-907A-8A9DDC5B657C}.Debug|x86.Build.0 = Debug|x86
		{00D6CB12-D05B-4CAD-907A-8A9DDC5B657C}.Debug|x86.Deploy.0 = Debug|x86
		{00D6CB12-D05B-4CAD-907A-8A9DDC5B657C}.Release|Any CPU.ActiveCfg = Release|x86
		{00D6CB12-D05B-4CAD-907A-8A9DDC5B657C}.Release|Any CPU.Build.0 = Release|x86
		{00D6CB12-D05B-4CAD-907A-8A9DDC5B657C}.Release|Any CPU.Deploy.0 = Release|x86
		{00D6CB12-D05B-4CAD-907A-8A9DDC5B657C}.Release|ARM.ActiveCfg = Release|ARM
		{00D6CB12-D05B-4CAD-907A-8A9DDC5B657C}.Release|ARM.Build.0 = Release|ARM
		{00D6CB12-D05B-4CAD-907A-8A9DDC5B657C}.Release|ARM.Deploy.0 = Release|ARM
		{00D6CB12-D05B-4CAD-907A-8A9DDC5B657C}.Release|iPhone.ActiveCfg = Release|x86
		{00D6CB12-D05B-4CAD-907A-8A9DDC5B657C}.Release|iPhone.Build.0 = Release|x86
		{00D6CB12-D05B-4CAD-907A-8A9DDC5B657C}.Release|iPhone.Deploy.0 = Release|x86
		{00D6CB12-D05B-4CAD-907A-8A9DDC5B657C}.Release|iPhoneSimulator.ActiveCfg = Release|x86
		{00D6CB12-D05B-4CAD-907A-8A9DDC5B657C}.Release|iPhoneSimulator.Build.0 = Release|x86
		{00D6CB12-D05B-4CAD-907A-8A9DDC5B657C}.Release|iPhoneSimulator.Deploy.0 = Release|x86
		{00D6CB12-D05B-4CAD-907A-8A9DDC5B657C}.Release|x64.ActiveCfg = Release|x64
		{00D6CB12-D05B-4CAD-907A-8A9DDC5B657C}.Release|x64.Build.0 = Release|x64
		{00D6CB12-D05B-4CAD-907A-8A9DDC5B657C}.Release|x64.Deploy.0 = Release|x64
		{00D6CB12-D05B-4CAD-907A-8A9DDC5B657C}.Release|x86.ActiveCfg = Release|x86
		{00D6CB12-D05B-4CAD-907A-8A9DDC5B657C}.Release|x86.Build.0 = Release|x86
		{00D6CB12-D05B-4CAD-907A-8A9DDC5B657C}.Release|x86.Deploy.0 = Release|x86
		{D53717FD-B1D6-41A3-8435-B9BD56E52C73}.Ad-Hoc|Any CPU.ActiveCfg = Debug|Any CPU
		{D53717FD-B1D6-41A3-8435-B9BD56E52C73}.Ad-Hoc|Any CPU.Build.0 = Debug|Any CPU
		{D53717FD-B1D6-41A3-8435-B9BD56E52C73}.Ad-Hoc|Any CPU.Deploy.0 = Debug|Any CPU
		{D53717FD-B1D6-41A3-8435-B9BD56E52C73}.Ad-Hoc|ARM.ActiveCfg = Debug|Any CPU
		{D53717FD-B1D6-41A3-8435-B9BD56E52C73}.Ad-Hoc|ARM.Build.0 = Debug|Any CPU
		{D53717FD-B1D6-41A3-8435-B9BD56E52C73}.Ad-Hoc|ARM.Deploy.0 = Debug|Any CPU
		{D53717FD-B1D6-41A3-8435-B9BD56E52C73}.Ad-Hoc|iPhone.ActiveCfg = Debug|Any CPU
		{D53717FD-B1D6-41A3-8435-B9BD56E52C73}.Ad-Hoc|iPhone.Build.0 = Debug|Any CPU
		{D53717FD-B1D6-41A3-8435-B9BD56E52C73}.Ad-Hoc|iPhone.Deploy.0 = Debug|Any CPU
		{D53717FD-B1D6-41A3-8435-B9BD56E52C73}.Ad-Hoc|iPhoneSimulator.ActiveCfg = Debug|Any CPU
		{D53717FD-B1D6-41A3-8435-B9BD56E52C73}.Ad-Hoc|iPhoneSimulator.Build.0 = Debug|Any CPU
		{D53717FD-B1D6-41A3-8435-B9BD56E52C73}.Ad-Hoc|iPhoneSimulator.Deploy.0 = Debug|Any CPU
		{D53717FD-B1D6-41A3-8435-B9BD56E52C73}.Ad-Hoc|x64.ActiveCfg = Debug|Any CPU
		{D53717FD-B1D6-41A3-8435-B9BD56E52C73}.Ad-Hoc|x64.Build.0 = Debug|Any CPU
		{D53717FD-B1D6-41A3-8435-B9BD56E52C73}.Ad-Hoc|x64.Deploy.0 = Debug|Any CPU
		{D53717FD-B1D6-41A3-8435-B9BD56E52C73}.Ad-Hoc|x86.ActiveCfg = Debug|Any CPU
		{D53717FD-B1D6-41A3-8435-B9BD56E52C73}.Ad-Hoc|x86.Build.0 = Debug|Any CPU
		{D53717FD-B1D6-41A3-8435-B9BD56E52C73}.Ad-Hoc|x86.Deploy.0 = Debug|Any CPU
		{D53717FD-B1D6-41A3-8435-B9BD56E52C73}.AppStore|Any CPU.ActiveCfg = Debug|Any CPU
		{D53717FD-B1D6-41A3-8435-B9BD56E52C73}.AppStore|Any CPU.Build.0 = Debug|Any CPU
		{D53717FD-B1D6-41A3-8435-B9BD56E52C73}.AppStore|Any CPU.Deploy.0 = Debug|Any CPU
		{D53717FD-B1D6-41A3-8435-B9BD56E52C73}.AppStore|ARM.ActiveCfg = Debug|Any CPU
		{D53717FD-B1D6-41A3-8435-B9BD56E52C73}.AppStore|ARM.Build.0 = Debug|Any CPU
		{D53717FD-B1D6-41A3-8435-B9BD56E52C73}.AppStore|ARM.Deploy.0 = Debug|Any CPU
		{D53717FD-B1D6-41A3-8435-B9BD56E52C73}.AppStore|iPhone.ActiveCfg = Debug|Any CPU
		{D53717FD-B1D6-41A3-8435-B9BD56E52C73}.AppStore|iPhone.Build.0 = Debug|Any CPU
		{D53717FD-B1D6-41A3-8435-B9BD56E52C73}.AppStore|iPhone.Deploy.0 = Debug|Any CPU
		{D53717FD-B1D6-41A3-8435-B9BD56E52C73}.AppStore|iPhoneSimulator.ActiveCfg = Debug|Any CPU
		{D53717FD-B1D6-41A3-8435-B9BD56E52C73}.AppStore|iPhoneSimulator.Build.0 = Debug|Any CPU
		{D53717FD-B1D6-41A3-8435-B9BD56E52C73}.AppStore|iPhoneSimulator.Deploy.0 = Debug|Any CPU
		{D53717FD-B1D6-41A3-8435-B9BD56E52C73}.AppStore|x64.ActiveCfg = Debug|Any CPU
		{D53717FD-B1D6-41A3-8435-B9BD56E52C73}.AppStore|x64.Build.0 = Debug|Any CPU
		{D53717FD-B1D6-41A3-8435-B9BD56E52C73}.AppStore|x64.Deploy.0 = Debug|Any CPU
		{D53717FD-B1D6-41A3-8435-B9BD56E52C73}.AppStore|x86.ActiveCfg = Debug|Any CPU
		{D53717FD-B1D6-41A3-8435-B9BD56E52C73}.AppStore|x86.Build.0 = Debug|Any CPU
		{D53717FD-B1D6-41A3-8435-B9BD56E52C73}.AppStore|x86.Deploy.0 = Debug|Any CPU
		{D53717FD-B1D6-41A3-8435-B9BD56E52C73}.Debug|Any CPU.ActiveCfg = Debug|Any CPU
		{D53717FD-B1D6-41A3-8435-B9BD56E52C73}.Debug|Any CPU.Build.0 = Debug|Any CPU
		{D53717FD-B1D6-41A3-8435-B9BD56E52C73}.Debug|Any CPU.Deploy.0 = Debug|Any CPU
		{D53717FD-B1D6-41A3-8435-B9BD56E52C73}.Debug|ARM.ActiveCfg = Debug|Any CPU
		{D53717FD-B1D6-41A3-8435-B9BD56E52C73}.Debug|ARM.Build.0 = Debug|Any CPU
		{D53717FD-B1D6-41A3-8435-B9BD56E52C73}.Debug|ARM.Deploy.0 = Debug|Any CPU
		{D53717FD-B1D6-41A3-8435-B9BD56E52C73}.Debug|iPhone.ActiveCfg = Debug|Any CPU
		{D53717FD-B1D6-41A3-8435-B9BD56E52C73}.Debug|iPhone.Build.0 = Debug|Any CPU
		{D53717FD-B1D6-41A3-8435-B9BD56E52C73}.Debug|iPhone.Deploy.0 = Debug|Any CPU
		{D53717FD-B1D6-41A3-8435-B9BD56E52C73}.Debug|iPhoneSimulator.ActiveCfg = Debug|Any CPU
		{D53717FD-B1D6-41A3-8435-B9BD56E52C73}.Debug|iPhoneSimulator.Build.0 = Debug|Any CPU
		{D53717FD-B1D6-41A3-8435-B9BD56E52C73}.Debug|iPhoneSimulator.Deploy.0 = Debug|Any CPU
		{D53717FD-B1D6-41A3-8435-B9BD56E52C73}.Debug|x64.ActiveCfg = Debug|Any CPU
		{D53717FD-B1D6-41A3-8435-B9BD56E52C73}.Debug|x64.Build.0 = Debug|Any CPU
		{D53717FD-B1D6-41A3-8435-B9BD56E52C73}.Debug|x64.Deploy.0 = Debug|Any CPU
		{D53717FD-B1D6-41A3-8435-B9BD56E52C73}.Debug|x86.ActiveCfg = Debug|Any CPU
		{D53717FD-B1D6-41A3-8435-B9BD56E52C73}.Debug|x86.Build.0 = Debug|Any CPU
		{D53717FD-B1D6-41A3-8435-B9BD56E52C73}.Debug|x86.Deploy.0 = Debug|Any CPU
		{D53717FD-B1D6-41A3-8435-B9BD56E52C73}.Release|Any CPU.ActiveCfg = Release|Any CPU
		{D53717FD-B1D6-41A3-8435-B9BD56E52C73}.Release|Any CPU.Build.0 = Release|Any CPU
		{D53717FD-B1D6-41A3-8435-B9BD56E52C73}.Release|Any CPU.Deploy.0 = Release|Any CPU
		{D53717FD-B1D6-41A3-8435-B9BD56E52C73}.Release|ARM.ActiveCfg = Release|Any CPU
		{D53717FD-B1D6-41A3-8435-B9BD56E52C73}.Release|ARM.Build.0 = Release|Any CPU
		{D53717FD-B1D6-41A3-8435-B9BD56E52C73}.Release|ARM.Deploy.0 = Release|Any CPU
		{D53717FD-B1D6-41A3-8435-B9BD56E52C73}.Release|iPhone.ActiveCfg = Release|Any CPU
		{D53717FD-B1D6-41A3-8435-B9BD56E52C73}.Release|iPhone.Build.0 = Release|Any CPU
		{D53717FD-B1D6-41A3-8435-B9BD56E52C73}.Release|iPhone.Deploy.0 = Release|Any CPU
		{D53717FD-B1D6-41A3-8435-B9BD56E52C73}.Release|iPhoneSimulator.ActiveCfg = Release|Any CPU
		{D53717FD-B1D6-41A3-8435-B9BD56E52C73}.Release|iPhoneSimulator.Build.0 = Release|Any CPU
		{D53717FD-B1D6-41A3-8435-B9BD56E52C73}.Release|iPhoneSimulator.Deploy.0 = Release|Any CPU
		{D53717FD-B1D6-41A3-8435-B9BD56E52C73}.Release|x64.ActiveCfg = Release|Any CPU
		{D53717FD-B1D6-41A3-8435-B9BD56E52C73}.Release|x64.Build.0 = Release|Any CPU
		{D53717FD-B1D6-41A3-8435-B9BD56E52C73}.Release|x64.Deploy.0 = Release|Any CPU
		{D53717FD-B1D6-41A3-8435-B9BD56E52C73}.Release|x86.ActiveCfg = Release|Any CPU
		{D53717FD-B1D6-41A3-8435-B9BD56E52C73}.Release|x86.Build.0 = Release|Any CPU
		{D53717FD-B1D6-41A3-8435-B9BD56E52C73}.Release|x86.Deploy.0 = Release|Any CPU
	EndGlobalSection
	GlobalSection(SolutionProperties) = preSolution
		HideSolutionNode = FALSE
	EndGlobalSection
	GlobalSection(ExtensibilityGlobals) = postSolution
		SolutionGuid = {E8DE4562-7939-4967-8407-CFE9E71896AC}
	EndGlobalSection
EndGlobal
